
Microsoft Visual Studio Solution File, Format Version 12.00
# Visual Studio Version 17
VisualStudioVersion = 17.2.32630.192
MinimumVisualStudioVersion = 10.0.40219.1
Project("{FAE04EC0-301F-11D3-BF4B-00C04F79EFBC}") = "MearskCodeChallengeLogAPI", "MearskCodeChallengeLogAPI\MearskCodeChallengeLogAPI.csproj", "{44C77DE8-DE6A-492C-B0E2-E189AA986CE5}"
EndProject
Global
	GlobalSection(SolutionConfigurationPlatforms) = preSolution
		Debug|Any CPU = Debug|Any CPU
		Release|Any CPU = Release|Any CPU
	EndGlobalSection
	GlobalSection(ProjectConfigurationPlatforms) = postSolution
		{44C77DE8-DE6A-492C-B0E2-E189AA986CE5}.Debug|Any CPU.ActiveCfg = Debug|Any CPU
		{44C77DE8-DE6A-492C-B0E2-E189AA986CE5}.Debug|Any CPU.Build.0 = Debug|Any CPU
		{44C77DE8-DE6A-492C-B0E2-E189AA986CE5}.Release|Any CPU.ActiveCfg = Release|Any CPU
		{44C77DE8-DE6A-492C-B0E2-E189AA986CE5}.Release|Any CPU.Build.0 = Release|Any CPU
	EndGlobalSection
	GlobalSection(SolutionProperties) = preSolution
		HideSolutionNode = FALSE
	EndGlobalSection
	GlobalSection(ExtensibilityGlobals) = postSolution
		SolutionGuid = {6791874D-1A4A-47DD-997E-5D5A45997EA3}
	EndGlobalSection
EndGlobal
